version = 1
revision = 3
requires-python = ">=3.12"

[[package]]
name = "datafusion"
version = "50.1.0"
source = { registry = "https://pypi.org/simple" }
dependencies = [
    { name = "pyarrow" },
    { name = "typing-extensions", marker = "python_full_version < '3.13'" },
]
sdist = { url = "https://files.pythonhosted.org/packages/fa/cc/e8e8f7c472e93e7a560203ac40ac319b926029007c0dad873dbba97f9f2d/datafusion-50.1.0.tar.gz", hash = "sha256:d8b8f027c7ce2498cda1589d3ce6d8720798963e031660fbe4d2e26e172442ec", size = 188103, upload-time = "2025-10-20T12:39:23.802Z" }
wheels = [
    { url = "https://files.pythonhosted.org/packages/1f/6e/f9e2d5d935024a79fd549b5ce1d05549d26a027aab800727d492ac036504/datafusion-50.1.0-cp39-abi3-macosx_10_12_x86_64.whl", hash = "sha256:aeaa3c7bcf630bbea962b8fe75d300d98eaf7e2a5edf98e6a0130a1bec3543ea", size = 29280689, upload-time = "2025-10-20T12:39:06.913Z" },
    { url = "https://files.pythonhosted.org/packages/db/58/2dc473240f552d3620186b527c04397f82b36f02243afaf49f0813c84a17/datafusion-50.1.0-cp39-abi3-macosx_11_0_arm64.whl", hash = "sha256:85727df82c818103092c3ee18d198365833d3e44c2921d2b378d4d682798e511", size = 26140751, upload-time = "2025-10-20T12:39:09.95Z" },
    { url = "https://files.pythonhosted.org/packages/00/ba/8d8aa1df96e0666752e5c9d406d440495df2014d315b2a95bbef9856b23e/datafusion-50.1.0-cp39-abi3-manylinux_2_17_x86_64.manylinux2014_x86_64.whl", hash = "sha256:49f5bd0edb2bf2d00625beeb46a115e1421db2e1b14b535f7c17cc0927f36b8a", size = 32165290, upload-time = "2025-10-20T12:39:13.713Z" },
    { url = "https://files.pythonhosted.org/packages/11/9a/afce9586145b3ed153d75364b21102a6a95260940352e06b7c6709e9d2db/datafusion-50.1.0-cp39-abi3-manylinux_2_28_aarch64.whl", hash = "sha256:5c9c2f70922ddedf54d8abd4ba9585a5026c3409438f5aafc1ad0428a67a4d1f", size = 29982398, upload-time = "2025-10-20T12:39:16.823Z" },
    { url = "https://files.pythonhosted.org/packages/51/a3/41ef1c565770ef0c4060ee3fd50367dd06816f70a5be1ef41fbd7c3975e8/datafusion-50.1.0-cp39-abi3-win_amd64.whl", hash = "sha256:145c8f2e969c9cc51dc6af8a185ec39739ebeb5d680f9fe0020e005564ed40a8", size = 31258359, upload-time = "2025-10-20T12:39:21.731Z" },
]

[[package]]
name = "pyarrow"
version = "22.0.0"
source = { registry = "https://pypi.org/simple" }
sdist = { url = "https://files.pythonhosted.org/packages/30/53/04a7fdc63e6056116c9ddc8b43bc28c12cdd181b85cbeadb79278475f3ae/pyarrow-22.0.0.tar.gz", hash = "sha256:3d600dc583260d845c7d8a6db540339dd883081925da2bd1c5cb808f720b3cd9", size = 1151151, upload-time = "2025-10-24T12:30:00.762Z" }
wheels = [
    { url = "https://files.pythonhosted.org/packages/af/63/ba23862d69652f85b615ca14ad14f3bcfc5bf1b99ef3f0cd04ff93fdad5a/pyarrow-22.0.0-cp312-cp312-macosx_12_0_arm64.whl", hash = "sha256:bea79263d55c24a32b0d79c00a1c58bb2ee5f0757ed95656b01c0fb310c5af3d", size = 34211578, upload-time = "2025-10-24T10:05:21.583Z" },
    { url = "https://files.pythonhosted.org/packages/b1/d0/f9ad86fe809efd2bcc8be32032fa72e8b0d112b01ae56a053006376c5930/pyarrow-22.0.0-cp312-cp312-macosx_12_0_x86_64.whl", hash = "sha256:12fe549c9b10ac98c91cf791d2945e878875d95508e1a5d14091a7aaa66d9cf8", size = 35989906, upload-time = "2025-10-24T10:05:29.485Z" },
    { url = "https://files.pythonhosted.org/packages/b4/a8/f910afcb14630e64d673f15904ec27dd31f1e009b77033c365c84e8c1e1d/pyarrow-22.0.0-cp312-cp312-manylinux_2_28_aarch64.whl", hash = "sha256:334f900ff08ce0423407af97e6c26ad5d4e3b0763645559ece6fbf3747d6a8f5", size = 45021677, upload-time = "2025-10-24T10:05:38.274Z" },
    { url = "https://files.pythonhosted.org/packages/13/95/aec81f781c75cd10554dc17a25849c720d54feafb6f7847690478dcf5ef8/pyarrow-22.0.0-cp312-cp312-manylinux_2_28_x86_64.whl", hash = "sha256:c6c791b09c57ed76a18b03f2631753a4960eefbbca80f846da8baefc6491fcfe", size = 47726315, upload-time = "2025-10-24T10:05:47.314Z" },
    { url = "https://files.pythonhosted.org/packages/bb/d4/74ac9f7a54cfde12ee42734ea25d5a3c9a45db78f9def949307a92720d37/pyarrow-22.0.0-cp312-cp312-musllinux_1_2_aarch64.whl", hash = "sha256:c3200cb41cdbc65156e5f8c908d739b0dfed57e890329413da2748d1a2cd1a4e", size = 47990906, upload-time = "2025-10-24T10:05:58.254Z" },
    { url = "https://files.pythonhosted.org/packages/2e/71/fedf2499bf7a95062eafc989ace56572f3343432570e1c54e6599d5b88da/pyarrow-22.0.0-cp312-cp312-musllinux_1_2_x86_64.whl", hash = "sha256:ac93252226cf288753d8b46280f4edf3433bf9508b6977f8dd8526b521a1bbb9", size = 50306783, upload-time = "2025-10-24T10:06:08.08Z" },
    { url = "https://files.pythonhosted.org/packages/68/ed/b202abd5a5b78f519722f3d29063dda03c114711093c1995a33b8e2e0f4b/pyarrow-22.0.0-cp312-cp312-win_amd64.whl", hash = "sha256:44729980b6c50a5f2bfcc2668d36c569ce17f8b17bccaf470c4313dcbbf13c9d", size = 27972883, upload-time = "2025-10-24T10:06:14.204Z" },
    { url = "https://files.pythonhosted.org/packages/a6/d6/d0fac16a2963002fc22c8fa75180a838737203d558f0ed3b564c4a54eef5/pyarrow-22.0.0-cp313-cp313-macosx_12_0_arm64.whl", hash = "sha256:e6e95176209257803a8b3d0394f21604e796dadb643d2f7ca21b66c9c0b30c9a", size = 34204629, upload-time = "2025-10-24T10:06:20.274Z" },
    { url = "https://files.pythonhosted.org/packages/c6/9c/1d6357347fbae062ad3f17082f9ebc29cc733321e892c0d2085f42a2212b/pyarrow-22.0.0-cp313-cp313-macosx_12_0_x86_64.whl", hash = "sha256:001ea83a58024818826a9e3f89bf9310a114f7e26dfe404a4c32686f97bd7901", size = 35985783, upload-time = "2025-10-24T10:06:27.301Z" },
    { url = "https://files.pythonhosted.org/packages/ff/c0/782344c2ce58afbea010150df07e3a2f5fdad299cd631697ae7bd3bac6e3/pyarrow-22.0.0-cp313-cp313-manylinux_2_28_aarch64.whl", hash = "sha256:ce20fe000754f477c8a9125543f1936ea5b8867c5406757c224d745ed033e691", size = 45020999, upload-time = "2025-10-24T10:06:35.387Z" },
    { url = "https://files.pythonhosted.org/packages/1b/8b/5362443737a5307a7b67c1017c42cd104213189b4970bf607e05faf9c525/pyarrow-22.0.0-cp313-cp313-manylinux_2_28_x86_64.whl", hash = "sha256:e0a15757fccb38c410947df156f9749ae4a3c89b2393741a50521f39a8cf202a", size = 47724601, upload-time = "2025-10-24T10:06:43.551Z" },
    { url = "https://files.pythonhosted.org/packages/69/4d/76e567a4fc2e190ee6072967cb4672b7d9249ac59ae65af2d7e3047afa3b/pyarrow-22.0.0-cp313-cp313-musllinux_1_2_aarch64.whl", hash = "sha256:cedb9dd9358e4ea1d9bce3665ce0797f6adf97ff142c8e25b46ba9cdd508e9b6", size = 48001050, upload-time = "2025-10-24T10:06:52.284Z" },
    { url = "https://files.pythonhosted.org/packages/01/5e/5653f0535d2a1aef8223cee9d92944cb6bccfee5cf1cd3f462d7cb022790/pyarrow-22.0.0-cp313-cp313-musllinux_1_2_x86_64.whl", hash = "sha256:252be4a05f9d9185bb8c18e83764ebcfea7185076c07a7a662253af3a8c07941", size = 50307877, upload-time = "2025-10-24T10:07:02.405Z" },
    { url = "https://files.pythonhosted.org/packages/2d/f8/1d0bd75bf9328a3b826e24a16e5517cd7f9fbf8d34a3184a4566ef5a7f29/pyarrow-22.0.0-cp313-cp313-win_amd64.whl", hash = "sha256:a4893d31e5ef780b6edcaf63122df0f8d321088bb0dee4c8c06eccb1ca28d145", size = 27977099, upload-time = "2025-10-24T10:08:07.259Z" },
    { url = "https://files.pythonhosted.org/packages/90/81/db56870c997805bf2b0f6eeeb2d68458bf4654652dccdcf1bf7a42d80903/pyarrow-22.0.0-cp313-cp313t-macosx_12_0_arm64.whl", hash = "sha256:f7fe3dbe871294ba70d789be16b6e7e52b418311e166e0e3cba9522f0f437fb1", size = 34336685, upload-time = "2025-10-24T10:07:11.47Z" },
    { url = "https://files.pythonhosted.org/packages/1c/98/0727947f199aba8a120f47dfc229eeb05df15bcd7a6f1b669e9f882afc58/pyarrow-22.0.0-cp313-cp313t-macosx_12_0_x86_64.whl", hash = "sha256:ba95112d15fd4f1105fb2402c4eab9068f0554435e9b7085924bcfaac2cc306f", size = 36032158, upload-time = "2025-10-24T10:07:18.626Z" },
    { url = "https://files.pythonhosted.org/packages/96/b4/9babdef9c01720a0785945c7cf550e4acd0ebcd7bdd2e6f0aa7981fa85e2/pyarrow-22.0.0-cp313-cp313t-manylinux_2_28_aarch64.whl", hash = "sha256:c064e28361c05d72eed8e744c9605cbd6d2bb7481a511c74071fd9b24bc65d7d", size = 44892060, upload-time = "2025-10-24T10:07:26.002Z" },
    { url = "https://files.pythonhosted.org/packages/f8/ca/2f8804edd6279f78a37062d813de3f16f29183874447ef6d1aadbb4efa0f/pyarrow-22.0.0-cp313-cp313t-manylinux_2_28_x86_64.whl", hash = "sha256:6f9762274496c244d951c819348afbcf212714902742225f649cf02823a6a10f", size = 47504395, upload-time = "2025-10-24T10:07:34.09Z" },
    { url = "https://files.pythonhosted.org/packages/b9/f0/77aa5198fd3943682b2e4faaf179a674f0edea0d55d326d83cb2277d9363/pyarrow-22.0.0-cp313-cp313t-musllinux_1_2_aarch64.whl", hash = "sha256:a9d9ffdc2ab696f6b15b4d1f7cec6658e1d788124418cb30030afbae31c64746", size = 48066216, upload-time = "2025-10-24T10:07:43.528Z" },
    { url = "https://files.pythonhosted.org/packages/79/87/a1937b6e78b2aff18b706d738c9e46ade5bfcf11b294e39c87706a0089ac/pyarrow-22.0.0-cp313-cp313t-musllinux_1_2_x86_64.whl", hash = "sha256:ec1a15968a9d80da01e1d30349b2b0d7cc91e96588ee324ce1b5228175043e95", size = 50288552, upload-time = "2025-10-24T10:07:53.519Z" },
    { url = "https://files.pythonhosted.org/packages/60/ae/b5a5811e11f25788ccfdaa8f26b6791c9807119dffcf80514505527c384c/pyarrow-22.0.0-cp313-cp313t-win_amd64.whl", hash = "sha256:bba208d9c7decf9961998edf5c65e3ea4355d5818dd6cd0f6809bec1afb951cc", size = 28262504, upload-time = "2025-10-24T10:08:00.932Z" },
    { url = "https://files.pythonhosted.org/packages/bd/b0/0fa4d28a8edb42b0a7144edd20befd04173ac79819547216f8a9f36f9e50/pyarrow-22.0.0-cp314-cp314-macosx_12_0_arm64.whl", hash = "sha256:9bddc2cade6561f6820d4cd73f99a0243532ad506bc510a75a5a65a522b2d74d", size = 34224062, upload-time = "2025-10-24T10:08:14.101Z" },
    { url = "https://files.pythonhosted.org/packages/0f/a8/7a719076b3c1be0acef56a07220c586f25cd24de0e3f3102b438d18ae5df/pyarrow-22.0.0-cp314-cp314-macosx_12_0_x86_64.whl", hash = "sha256:e70ff90c64419709d38c8932ea9fe1cc98415c4f87ea8da81719e43f02534bc9", size = 35990057, upload-time = "2025-10-24T10:08:21.842Z" },
    { url = "https://files.pythonhosted.org/packages/89/3c/359ed54c93b47fb6fe30ed16cdf50e3f0e8b9ccfb11b86218c3619ae50a8/pyarrow-22.0.0-cp314-cp314-manylinux_2_28_aarch64.whl", hash = "sha256:92843c305330aa94a36e706c16209cd4df274693e777ca47112617db7d0ef3d7", size = 45068002, upload-time = "2025-10-24T10:08:29.034Z" },
    { url = "https://files.pythonhosted.org/packages/55/fc/4945896cc8638536ee787a3bd6ce7cec8ec9acf452d78ec39ab328efa0a1/pyarrow-22.0.0-cp314-cp314-manylinux_2_28_x86_64.whl", hash = "sha256:6dda1ddac033d27421c20d7a7943eec60be44e0db4e079f33cc5af3b8280ccde", size = 47737765, upload-time = "2025-10-24T10:08:38.559Z" },
    { url = "https://files.pythonhosted.org/packages/cd/5e/7cb7edeb2abfaa1f79b5d5eb89432356155c8426f75d3753cbcb9592c0fd/pyarrow-22.0.0-cp314-cp314-musllinux_1_2_aarch64.whl", hash = "sha256:84378110dd9a6c06323b41b56e129c504d157d1a983ce8f5443761eb5256bafc", size = 48048139, upload-time = "2025-10-24T10:08:46.784Z" },
    { url = "https://files.pythonhosted.org/packages/88/c6/546baa7c48185f5e9d6e59277c4b19f30f48c94d9dd938c2a80d4d6b067c/pyarrow-22.0.0-cp314-cp314-musllinux_1_2_x86_64.whl", hash = "sha256:854794239111d2b88b40b6ef92aa478024d1e5074f364033e73e21e3f76b25e0", size = 50314244, upload-time = "2025-10-24T10:08:55.771Z" },
    { url = "https://files.pythonhosted.org/packages/3c/79/755ff2d145aafec8d347bf18f95e4e81c00127f06d080135dfc86aea417c/pyarrow-22.0.0-cp314-cp314-win_amd64.whl", hash = "sha256:b883fe6fd85adad7932b3271c38ac289c65b7337c2c132e9569f9d3940620730", size = 28757501, upload-time = "2025-10-24T10:09:59.891Z" },
    { url = "https://files.pythonhosted.org/packages/0e/d2/237d75ac28ced3147912954e3c1a174df43a95f4f88e467809118a8165e0/pyarrow-22.0.0-cp314-cp314t-macosx_12_0_arm64.whl", hash = "sha256:7a820d8ae11facf32585507c11f04e3f38343c1e784c9b5a8b1da5c930547fe2", size = 34355506, upload-time = "2025-10-24T10:09:02.953Z" },
    { url = "https://files.pythonhosted.org/packages/1e/2c/733dfffe6d3069740f98e57ff81007809067d68626c5faef293434d11bd6/pyarrow-22.0.0-cp314-cp314t-macosx_12_0_x86_64.whl", hash = "sha256:c6ec3675d98915bf1ec8b3c7986422682f7232ea76cad276f4c8abd5b7319b70", size = 36047312, upload-time = "2025-10-24T10:09:10.334Z" },
    { url = "https://files.pythonhosted.org/packages/7c/2b/29d6e3782dc1f299727462c1543af357a0f2c1d3c160ce199950d9ca51eb/pyarrow-22.0.0-cp314-cp314t-manylinux_2_28_aarch64.whl", hash = "sha256:3e739edd001b04f654b166204fc7a9de896cf6007eaff33409ee9e50ceaff754", size = 45081609, upload-time = "2025-10-24T10:09:18.61Z" },
    { url = "https://files.pythonhosted.org/packages/8d/42/aa9355ecc05997915af1b7b947a7f66c02dcaa927f3203b87871c114ba10/pyarrow-22.0.0-cp314-cp314t-manylinux_2_28_x86_64.whl", hash = "sha256:7388ac685cab5b279a41dfe0a6ccd99e4dbf322edfb63e02fc0443bf24134e91", size = 47703663, upload-time = "2025-10-24T10:09:27.369Z" },
    { url = "https://files.pythonhosted.org/packages/ee/62/45abedde480168e83a1de005b7b7043fd553321c1e8c5a9a114425f64842/pyarrow-22.0.0-cp314-cp314t-musllinux_1_2_aarch64.whl", hash = "sha256:f633074f36dbc33d5c05b5dc75371e5660f1dbf9c8b1d95669def05e5425989c", size = 48066543, upload-time = "2025-10-24T10:09:34.908Z" },
    { url = "https://files.pythonhosted.org/packages/84/e9/7878940a5b072e4f3bf998770acafeae13b267f9893af5f6d4ab3904b67e/pyarrow-22.0.0-cp314-cp314t-musllinux_1_2_x86_64.whl", hash = "sha256:4c19236ae2402a8663a2c8f21f1870a03cc57f0bef7e4b6eb3238cc82944de80", size = 50288838, upload-time = "2025-10-24T10:09:44.394Z" },
    { url = "https://files.pythonhosted.org/packages/7b/03/f335d6c52b4a4761bcc83499789a1e2e16d9d201a58c327a9b5cc9a41bd9/pyarrow-22.0.0-cp314-cp314t-win_amd64.whl", hash = "sha256:0c34fe18094686194f204a3b1787a27456897d8a2d62caf84b61e8dfbc0252ae", size = 29185594, upload-time = "2025-10-24T10:09:53.111Z" },
]

[[package]]
name = "ruff"
version = "0.14.2"
source = { registry = "https://pypi.org/simple" }
sdist = { url = "https://files.pythonhosted.org/packages/ee/34/8218a19b2055b80601e8fd201ec723c74c7fe1ca06d525a43ed07b6d8e85/ruff-0.14.2.tar.gz", hash = "sha256:98da787668f239313d9c902ca7c523fe11b8ec3f39345553a51b25abc4629c96", size = 5539663, upload-time = "2025-10-23T19:37:00.956Z" }
wheels = [
    { url = "https://files.pythonhosted.org/packages/16/dd/23eb2db5ad9acae7c845700493b72d3ae214dce0b226f27df89216110f2b/ruff-0.14.2-py3-none-linux_armv6l.whl", hash = "sha256:7cbe4e593505bdec5884c2d0a4d791a90301bc23e49a6b1eb642dd85ef9c64f1", size = 12533390, upload-time = "2025-10-23T19:36:18.044Z" },
    { url = "https://files.pythonhosted.org/packages/5a/8c/5f9acff43ddcf3f85130d0146d0477e28ccecc495f9f684f8f7119b74c0d/ruff-0.14.2-py3-none-macosx_10_12_x86_64.whl", hash = "sha256:8d54b561729cee92f8d89c316ad7a3f9705533f5903b042399b6ae0ddfc62e11", size = 12887187, upload-time = "2025-10-23T19:36:22.664Z" },
    { url = "https://files.pythonhosted.org/packages/99/fa/047646491479074029665022e9f3dc6f0515797f40a4b6014ea8474c539d/ruff-0.14.2-py3-none-macosx_11_0_arm64.whl", hash = "sha256:5c8753dfa44ebb2cde10ce5b4d2ef55a41fb9d9b16732a2c5df64620dbda44a3", size = 11925177, upload-time = "2025-10-23T19:36:24.778Z" },
    { url = "https://files.pythonhosted.org/packages/15/8b/c44cf7fe6e59ab24a9d939493a11030b503bdc2a16622cede8b7b1df0114/ruff-0.14.2-py3-none-manylinux_2_17_aarch64.manylinux2014_aarch64.whl", hash = "sha256:3d0bbeffb8d9f4fccf7b5198d566d0bad99a9cb622f1fc3467af96cb8773c9e3", size = 12358285, upload-time = "2025-10-23T19:36:26.979Z" },
    { url = "https://files.pythonhosted.org/packages/45/01/47701b26254267ef40369aea3acb62a7b23e921c27372d127e0f3af48092/ruff-0.14.2-py3-none-manylinux_2_17_armv7l.manylinux2014_armv7l.whl", hash = "sha256:7047f0c5a713a401e43a88d36843d9c83a19c584e63d664474675620aaa634a8", size = 12303832, upload-time = "2025-10-23T19:36:29.192Z" },
    { url = "https://files.pythonhosted.org/packages/2d/5c/ae7244ca4fbdf2bee9d6405dcd5bc6ae51ee1df66eb7a9884b77b8af856d/ruff-0.14.2-py3-none-manylinux_2_17_i686.manylinux2014_i686.whl", hash = "sha256:3bf8d2f9aa1602599217d82e8e0af7fd33e5878c4d98f37906b7c93f46f9a839", size = 13036995, upload-time = "2025-10-23T19:36:31.861Z" },
    { url = "https://files.pythonhosted.org/packages/27/4c/0860a79ce6fd4c709ac01173f76f929d53f59748d0dcdd662519835dae43/ruff-0.14.2-py3-none-manylinux_2_17_ppc64.manylinux2014_ppc64.whl", hash = "sha256:1c505b389e19c57a317cf4b42db824e2fca96ffb3d86766c1c9f8b96d32048a7", size = 14512649, upload-time = "2025-10-23T19:36:33.915Z" },
    { url = "https://files.pythonhosted.org/packages/7f/7f/d365de998069720a3abfc250ddd876fc4b81a403a766c74ff9bde15b5378/ruff-0.14.2-py3-none-manylinux_2_17_ppc64le.manylinux2014_ppc64le.whl", hash = "sha256:a307fc45ebd887b3f26b36d9326bb70bf69b01561950cdcc6c0bdf7bb8e0f7cc", size = 14088182, upload-time = "2025-10-23T19:36:36.983Z" },
    { url = "https://files.pythonhosted.org/packages/6c/ea/d8e3e6b209162000a7be1faa41b0a0c16a133010311edc3329753cc6596a/ruff-0.14.2-py3-none-manylinux_2_17_s390x.manylinux2014_s390x.whl", hash = "sha256:61ae91a32c853172f832c2f40bd05fd69f491db7289fb85a9b941ebdd549781a", size = 13599516, upload-time = "2025-10-23T19:36:39.208Z" },
    { url = "https://files.pythonhosted.org/packages/fa/ea/c7810322086db68989fb20a8d5221dd3b79e49e396b01badca07b433ab45/ruff-0.14.2-py3-none-manylinux_2_17_x86_64.manylinux2014_x86_64.whl", hash = "sha256:bc1967e40286f63ee23c615e8e7e98098dedc7301568bd88991f6e544d8ae096", size = 13272690, upload-time = "2025-10-23T19:36:41.453Z" },
    { url = "https://files.pythonhosted.org/packages/a9/39/10b05acf8c45786ef501d454e00937e1b97964f846bf28883d1f9619928a/ruff-0.14.2-py3-none-manylinux_2_31_riscv64.whl", hash = "sha256:2877f02119cdebf52a632d743a2e302dea422bfae152ebe2f193d3285a3a65df", size = 13496497, upload-time = "2025-10-23T19:36:43.61Z" },
    { url = "https://files.pythonhosted.org/packages/59/a1/1f25f8301e13751c30895092485fada29076e5e14264bdacc37202e85d24/ruff-0.14.2-py3-none-musllinux_1_2_aarch64.whl", hash = "sha256:e681c5bc777de5af898decdcb6ba3321d0d466f4cb43c3e7cc2c3b4e7b843a05", size = 12266116, upload-time = "2025-10-23T19:36:45.625Z" },
    { url = "https://files.pythonhosted.org/packages/5c/fa/0029bfc9ce16ae78164e6923ef392e5f173b793b26cc39aa1d8b366cf9dc/ruff-0.14.2-py3-none-musllinux_1_2_armv7l.whl", hash = "sha256:e21be42d72e224736f0c992cdb9959a2fa53c7e943b97ef5d081e13170e3ffc5", size = 12281345, upload-time = "2025-10-23T19:36:47.618Z" },
    { url = "https://files.pythonhosted.org/packages/a5/ab/ece7baa3c0f29b7683be868c024f0838770c16607bea6852e46b202f1ff6/ruff-0.14.2-py3-none-musllinux_1_2_i686.whl", hash = "sha256:b8264016f6f209fac16262882dbebf3f8be1629777cf0f37e7aff071b3e9b92e", size = 12629296, upload-time = "2025-10-23T19:36:49.789Z" },
    { url = "https://files.pythonhosted.org/packages/a4/7f/638f54b43f3d4e48c6a68062794e5b367ddac778051806b9e235dfb7aa81/ruff-0.14.2-py3-none-musllinux_1_2_x86_64.whl", hash = "sha256:5ca36b4cb4db3067a3b24444463ceea5565ea78b95fe9a07ca7cb7fd16948770", size = 13371610, upload-time = "2025-10-23T19:36:51.882Z" },
    { url = "https://files.pythonhosted.org/packages/8d/35/3654a973ebe5b32e1fd4a08ed2d46755af7267da7ac710d97420d7b8657d/ruff-0.14.2-py3-none-win32.whl", hash = "sha256:41775927d287685e08f48d8eb3f765625ab0b7042cc9377e20e64f4eb0056ee9", size = 12415318, upload-time = "2025-10-23T19:36:53.961Z" },
    { url = "https://files.pythonhosted.org/packages/71/30/3758bcf9e0b6a4193a6f51abf84254aba00887dfa8c20aba18aa366c5f57/ruff-0.14.2-py3-none-win_amd64.whl", hash = "sha256:0df3424aa5c3c08b34ed8ce099df1021e3adaca6e90229273496b839e5a7e1af", size = 13565279, upload-time = "2025-10-23T19:36:56.578Z" },
    { url = "https://files.pythonhosted.org/packages/2e/5d/aa883766f8ef9ffbe6aa24f7192fb71632f31a30e77eb39aa2b0dc4290ac/ruff-0.14.2-py3-none-win_arm64.whl", hash = "sha256:ea9d635e83ba21569fbacda7e78afbfeb94911c9434aff06192d9bc23fd5495a", size = 12554956, upload-time = "2025-10-23T19:36:58.714Z" },
]

[[package]]
name = "sql-mandelbrot-benchmark"
version = "0.1.0"
source = { virtual = "." }
dependencies = [
    { name = "datafusion" },
]

[package.dev-dependencies]
dev = [
    { name = "ruff" },
]

[package.metadata]
requires-dist = [{ name = "datafusion", specifier = ">=50.1.0" }]

[package.metadata.requires-dev]
dev = [{ name = "ruff", specifier = ">=0.14.2" }]

[[package]]
name = "typing-extensions"
version = "4.15.0"
source = { registry = "https://pypi.org/simple" }
sdist = { url = "https://files.pythonhosted.org/packages/72/94/1a15dd82efb362ac84269196e94cf00f187f7ed21c242792a923cdb1c61f/typing_extensions-4.15.0.tar.gz", hash = "sha256:0cea48d173cc12fa28ecabc3b837ea3cf6f38c6d1136f85cbaaf598984861466", size = 109391, upload-time = "2025-08-25T13:49:26.313Z" }
wheels = [
    { url = "https://files.pythonhosted.org/packages/18/67/36e9267722cc04a6b9f15c7f3441c2363321a3ea07da7ae0c0707beb2a9c/typing_extensions-4.15.0-py3-none-any.whl", hash = "sha256:f0fa19c6845758ab08074a0cfa8b7aecb71c999ca73d62883bc25cc018c4e548", size = 44614, upload-time = "2025-08-25T13:49:24.86Z" },
]
